// !$*UTF8*$!
{
	archiveVersion = 1;
	classes = {
	};
	objectVersion = 46;
	objects = {

/* Begin PBXBuildFile section */
		071399EC1876F0B3007414D1 /* Foundation.framework in Frameworks */ = {isa = PBXBuildFile; fileRef = 071399EB1876F0B3007414D1 /* Foundation.framework */; };
		071399EE1876F0B3007414D1 /* CoreGraphics.framework in Frameworks */ = {isa = PBXBuildFile; fileRef = 071399ED1876F0B3007414D1 /* CoreGraphics.framework */; };
		071399F01876F0B3007414D1 /* UIKit.framework in Frameworks */ = {isa = PBXBuildFile; fileRef = 071399EF1876F0B3007414D1 /* UIKit.framework */; };
		071399F61876F0B3007414D1 /* InfoPlist.strings in Resources */ = {isa = PBXBuildFile; fileRef = 071399F41876F0B3007414D1 /* InfoPlist.strings */; };
		071399F81876F0B3007414D1 /* main.m in Sources */ = {isa = PBXBuildFile; fileRef = 071399F71876F0B3007414D1 /* main.m */; };
		071399FC1876F0B3007414D1 /* AppDelegate.m in Sources */ = {isa = PBXBuildFile; fileRef = 071399FB1876F0B3007414D1 /* AppDelegate.m */; };
		071399FF1876F0B3007414D1 /* Main.storyboard in Resources */ = {isa = PBXBuildFile; fileRef = 071399FD1876F0B3007414D1 /* Main.storyboard */; };
		07139A021876F0B3007414D1 /* ViewController.m in Sources */ = {isa = PBXBuildFile; fileRef = 07139A011876F0B3007414D1 /* ViewController.m */; };
		07139A041876F0B3007414D1 /* Images.xcassets in Resources */ = {isa = PBXBuildFile; fileRef = 07139A031876F0B3007414D1 /* Images.xcassets */; };
		07139A0B1876F0B3007414D1 /* XCTest.framework in Frameworks */ = {isa = PBXBuildFile; fileRef = 07139A0A1876F0B3007414D1 /* XCTest.framework */; };
		07139A0C1876F0B3007414D1 /* Foundation.framework in Frameworks */ = {isa = PBXBuildFile; fileRef = 071399EB1876F0B3007414D1 /* Foundation.framework */; };
		07139A0D1876F0B3007414D1 /* UIKit.framework in Frameworks */ = {isa = PBXBuildFile; fileRef = 071399EF1876F0B3007414D1 /* UIKit.framework */; };
		07139A151876F0B3007414D1 /* InfoPlist.strings in Resources */ = {isa = PBXBuildFile; fileRef = 07139A131876F0B3007414D1 /* InfoPlist.strings */; };
		07139A171876F0B3007414D1 /* htmlLoadingFrameworkTests.m in Sources */ = {isa = PBXBuildFile; fileRef = 07139A161876F0B3007414D1 /* htmlLoadingFrameworkTests.m */; };
		074F37CB1876F52600503E44 /* Content in Resources */ = {isa = PBXBuildFile; fileRef = 074F37CA1876F52600503E44 /* Content */; };
/* End PBXBuildFile section */

/* Begin PBXContainerItemProxy section */
		07139A0E1876F0B3007414D1 /* PBXContainerItemProxy */ = {
			isa = PBXContainerItemProxy;
			containerPortal = 071399E01876F0B2007414D1 /* Project object */;
			proxyType = 1;
			remoteGlobalIDString = 071399E71876F0B3007414D1;
			remoteInfo = htmlLoadingFramework;
		};
/* End PBXContainerItemProxy section */

/* Begin PBXFileReference section */
		071399E81876F0B3007414D1 /* htmlLoadingFramework.app */ = {isa = PBXFileReference; explicitFileType = wrapper.application; includeInIndex = 0; path = htmlLoadingFramework.app; sourceTree = BUILT_PRODUCTS_DIR; };
		071399EB1876F0B3007414D1 /* Foundation.framework */ = {isa = PBXFileReference; lastKnownFileType = wrapper.framework; name = Foundation.framework; path = System/Library/Frameworks/Foundation.framework; sourceTree = SDKROOT; };
		071399ED1876F0B3007414D1 /* CoreGraphics.framework */ = {isa = PBXFileReference; lastKnownFileType = wrapper.framework; name = CoreGraphics.framework; path = System/Library/Frameworks/CoreGraphics.framework; sourceTree = SDKROOT; };
		071399EF1876F0B3007414D1 /* UIKit.framework */ = {isa = PBXFileReference; lastKnownFileType = wrapper.framework; name = UIKit.framework; path = System/Library/Frameworks/UIKit.framework; sourceTree = SDKROOT; };
		071399F31876F0B3007414D1 /* htmlLoadingFramework-Info.plist */ = {isa = PBXFileReference; lastKnownFileType = text.plist.xml; path = "htmlLoadingFramework-Info.plist"; sourceTree = "<group>"; };
		071399F51876F0B3007414D1 /* en */ = {isa = PBXFileReference; lastKnownFileType = text.plist.strings; name = en; path = en.lproj/InfoPlist.strings; sourceTree = "<group>"; };
		071399F71876F0B3007414D1 /* main.m */ = {isa = PBXFileReference; lastKnownFileType = sourcecode.c.objc; path = main.m; sourceTree = "<group>"; };
		071399F91876F0B3007414D1 /* htmlLoadingFramework-Prefix.pch */ = {isa = PBXFileReference; lastKnownFileType = sourcecode.c.h; path = "htmlLoadingFramework-Prefix.pch"; sourceTree = "<group>"; };
		071399FA1876F0B3007414D1 /* AppDelegate.h */ = {isa = PBXFileReference; lastKnownFileType = sourcecode.c.h; path = AppDelegate.h; sourceTree = "<group>"; };
		071399FB1876F0B3007414D1 /* AppDelegate.m */ = {isa = PBXFileReference; lastKnownFileType = sourcecode.c.objc; path = AppDelegate.m; sourceTree = "<group>"; };
		071399FE1876F0B3007414D1 /* Base */ = {isa = PBXFileReference; lastKnownFileType = file.storyboard; name = Base; path = Base.lproj/Main.storyboard; sourceTree = "<group>"; };
		07139A001876F0B3007414D1 /* ViewController.h */ = {isa = PBXFileReference; lastKnownFileType = sourcecode.c.h; path = ViewController.h; sourceTree = "<group>"; };
		07139A011876F0B3007414D1 /* ViewController.m */ = {isa = PBXFileReference; lastKnownFileType = sourcecode.c.objc; path = ViewController.m; sourceTree = "<group>"; };
		07139A031876F0B3007414D1 /* Images.xcassets */ = {isa = PBXFileReference; lastKnownFileType = folder.assetcatalog; path = Images.xcassets; sourceTree = "<group>"; };
		07139A091876F0B3007414D1 /* htmlLoadingFrameworkTests.xctest */ = {isa = PBXFileReference; explicitFileType = wrapper.cfbundle; includeInIndex = 0; path = htmlLoadingFrameworkTests.xctest; sourceTree = BUILT_PRODUCTS_DIR; };
		07139A0A1876F0B3007414D1 /* XCTest.framework */ = {isa = PBXFileReference; lastKnownFileType = wrapper.framework; name = XCTest.framework; path = Library/Frameworks/XCTest.framework; sourceTree = DEVELOPER_DIR; };
		07139A121876F0B3007414D1 /* htmlLoadingFrameworkTests-Info.plist */ = {isa = PBXFileReference; lastKnownFileType = text.plist.xml; path = "htmlLoadingFrameworkTests-Info.plist"; sourceTree = "<group>"; };
		07139A141876F0B3007414D1 /* en */ = {isa = PBXFileReference; lastKnownFileType = text.plist.strings; name = en; path = en.lproj/InfoPlist.strings; sourceTree = "<group>"; };
		07139A161876F0B3007414D1 /* htmlLoadingFrameworkTests.m */ = {isa = PBXFileReference; lastKnownFileType = sourcecode.c.objc; path = htmlLoadingFrameworkTests.m; sourceTree = "<group>"; };
		074F37CA1876F52600503E44 /* Content */ = {isa = PBXFileReference; lastKnownFileType = folder; path = Content; sourceTree = "<group>"; };
/* End PBXFileReference section */

/* Begin PBXFrameworksBuildPhase section */
		071399E51876F0B3007414D1 /* Frameworks */ = {
			isa = PBXFrameworksBuildPhase;
			buildActionMask = 2147483647;
			files = (
				071399EE1876F0B3007414D1 /* CoreGraphics.framework in Frameworks */,
				071399F01876F0B3007414D1 /* UIKit.framework in Frameworks */,
				071399EC1876F0B3007414D1 /* Foundation.framework in Frameworks */,
			);
			runOnlyForDeploymentPostprocessing = 0;
		};
		07139A061876F0B3007414D1 /* Frameworks */ = {
			isa = PBXFrameworksBuildPhase;
			buildActionMask = 2147483647;
			files = (
				07139A0B1876F0B3007414D1 /* XCTest.framework in Frameworks */,
				07139A0D1876F0B3007414D1 /* UIKit.framework in Frameworks */,
				07139A0C1876F0B3007414D1 /* Foundation.framework in Frameworks */,
			);
			runOnlyForDeploymentPostprocessing = 0;
		};
/* End PBXFrameworksBuildPhase section */

/* Begin PBXGroup section */
		071399DF1876F0B2007414D1 = {
			isa = PBXGroup;
			children = (
				071399F11876F0B3007414D1 /* htmlLoadingFramework */,
				07139A101876F0B3007414D1 /* htmlLoadingFrameworkTests */,
				071399EA1876F0B3007414D1 /* Frameworks */,
				071399E91876F0B3007414D1 /* Products */,
			);
			sourceTree = "<group>";
		};
		071399E91876F0B3007414D1 /* Products */ = {
			isa = PBXGroup;
			children = (
				071399E81876F0B3007414D1 /* htmlLoadingFramework.app */,
				07139A091876F0B3007414D1 /* htmlLoadingFrameworkTests.xctest */,
			);
			name = Products;
			sourceTree = "<group>";
		};
		071399EA1876F0B3007414D1 /* Frameworks */ = {
			isa = PBXGroup;
			children = (
				071399EB1876F0B3007414D1 /* Foundation.framework */,
				071399ED1876F0B3007414D1 /* CoreGraphics.framework */,
				071399EF1876F0B3007414D1 /* UIKit.framework */,
				07139A0A1876F0B3007414D1 /* XCTest.framework */,
			);
			name = Frameworks;
			sourceTree = "<group>";
		};
		071399F11876F0B3007414D1 /* htmlLoadingFramework */ = {
			isa = PBXGroup;
			children = (
				074F37CA1876F52600503E44 /* Content */,
				071399FA1876F0B3007414D1 /* AppDelegate.h */,
				071399FB1876F0B3007414D1 /* AppDelegate.m */,
				071399FD1876F0B3007414D1 /* Main.storyboard */,
				07139A001876F0B3007414D1 /* ViewController.h */,
				07139A011876F0B3007414D1 /* ViewController.m */,
				07139A031876F0B3007414D1 /* Images.xcassets */,
				071399F21876F0B3007414D1 /* Supporting Files */,
			);
			path = htmlLoadingFramework;
			sourceTree = "<group>";
		};
		071399F21876F0B3007414D1 /* Supporting Files */ = {
			isa = PBXGroup;
			children = (
				071399F31876F0B3007414D1 /* htmlLoadingFramework-Info.plist */,
				071399F41876F0B3007414D1 /* InfoPlist.strings */,
				071399F71876F0B3007414D1 /* main.m */,
				071399F91876F0B3007414D1 /* htmlLoadingFramework-Prefix.pch */,
			);
			name = "Supporting Files";
			sourceTree = "<group>";
		};
		07139A101876F0B3007414D1 /* htmlLoadingFrameworkTests */ = {
			isa = PBXGroup;
			children = (
				07139A161876F0B3007414D1 /* htmlLoadingFrameworkTests.m */,
				07139A111876F0B3007414D1 /* Supporting Files */,
			);
			path = htmlLoadingFrameworkTests;
			sourceTree = "<group>";
		};
		07139A111876F0B3007414D1 /* Supporting Files */ = {
			isa = PBXGroup;
			children = (
				07139A121876F0B3007414D1 /* htmlLoadingFrameworkTests-Info.plist */,
				07139A131876F0B3007414D1 /* InfoPlist.strings */,
			);
			name = "Supporting Files";
			sourceTree = "<group>";
		};
/* End PBXGroup section */

/* Begin PBXNativeTarget section */
		071399E71876F0B3007414D1 /* htmlLoadingFramework */ = {
			isa = PBXNativeTarget;
			buildConfigurationList = 07139A1A1876F0B3007414D1 /* Build configuration list for PBXNativeTarget "htmlLoadingFramework" */;
			buildPhases = (
				071399E41876F0B3007414D1 /* Sources */,
				071399E51876F0B3007414D1 /* Frameworks */,
				071399E61876F0B3007414D1 /* Resources */,
			);
			buildRules = (
			);
			dependencies = (
			);
			name = htmlLoadingFramework;
			productName = htmlLoadingFramework;
			productReference = 071399E81876F0B3007414D1 /* htmlLoadingFramework.app */;
			productType = "com.apple.product-type.application";
		};
		07139A081876F0B3007414D1 /* htmlLoadingFrameworkTests */ = {
			isa = PBXNativeTarget;
			buildConfigurationList = 07139A1D1876F0B3007414D1 /* Build configuration list for PBXNativeTarget "htmlLoadingFrameworkTests" */;
			buildPhases = (
				07139A051876F0B3007414D1 /* Sources */,
				07139A061876F0B3007414D1 /* Frameworks */,
				07139A071876F0B3007414D1 /* Resources */,
			);
			buildRules = (
			);
			dependencies = (
				07139A0F1876F0B3007414D1 /* PBXTargetDependency */,
			);
			name = htmlLoadingFrameworkTests;
			productName = htmlLoadingFrameworkTests;
			productReference = 07139A091876F0B3007414D1 /* htmlLoadingFrameworkTests.xctest */;
			productType = "com.apple.product-type.bundle.unit-test";
		};
/* End PBXNativeTarget section */

/* Begin PBXProject section */
		071399E01876F0B2007414D1 /* Project object */ = {
			isa = PBXProject;
			attributes = {
				LastUpgradeCheck = 0510;
				ORGANIZATIONNAME = Snail;
				TargetAttributes = {
					071399E71876F0B3007414D1 = {
						DevelopmentTeam = 4RKCH4CTZ9;
					};
					07139A081876F0B3007414D1 = {
						TestTargetID = 071399E71876F0B3007414D1;
					};
				};
			};
			buildConfigurationList = 071399E31876F0B2007414D1 /* Build configuration list for PBXProject "htmlLoadingFramework" */;
			compatibilityVersion = "Xcode 3.2";
			developmentRegion = English;
			hasScannedForEncodings = 0;
			knownRegions = (
				en,
				Base,
			);
			mainGroup = 071399DF1876F0B2007414D1;
			productRefGroup = 071399E91876F0B3007414D1 /* Products */;
			projectDirPath = "";
			projectRoot = "";
			targets = (
				071399E71876F0B3007414D1 /* htmlLoadingFramework */,
				07139A081876F0B3007414D1 /* htmlLoadingFrameworkTests */,
			);
		};
/* End PBXProject section */

/* Begin PBXResourcesBuildPhase section */
		071399E61876F0B3007414D1 /* Resources */ = {
			isa = PBXResourcesBuildPhase;
			buildActionMask = 2147483647;
			files = (
				07139A041876F0B3007414D1 /* Images.xcassets in Resources */,
				071399F61876F0B3007414D1 /* InfoPlist.strings in Resources */,
				074F37CB1876F52600503E44 /* Content in Resources */,
				071399FF1876F0B3007414D1 /* Main.storyboard in Resources */,
			);
			runOnlyForDeploymentPostprocessing = 0;
		};
		07139A071876F0B3007414D1 /* Resources */ = {
			isa = PBXResourcesBuildPhase;
			buildActionMask = 2147483647;
			files = (
				07139A151876F0B3007414D1 /* InfoPlist.strings in Resources */,
			);
			runOnlyForDeploymentPostprocessing = 0;
		};
/* End PBXResourcesBuildPhase section */

/* Begin PBXSourcesBuildPhase section */
		071399E41876F0B3007414D1 /* Sources */ = {
			isa = PBXSourcesBuildPhase;
			buildActionMask = 2147483647;
			files = (
				07139A021876F0B3007414D1 /* ViewController.m in Sources */,
				071399FC1876F0B3007414D1 /* AppDelegate.m in Sources */,
				071399F81876F0B3007414D1 /* main.m in Sources */,
			);
			runOnlyForDeploymentPostprocessing = 0;
		};
		07139A051876F0B3007414D1 /* Sources */ = {
			isa = PBXSourcesBuildPhase;
			buildActionMask = 2147483647;
			files = (
				07139A171876F0B3007414D1 /* htmlLoadingFrameworkTests.m in Sources */,
			);
			runOnlyForDeploymentPostprocessing = 0;
		};
/* End PBXSourcesBuildPhase section */

/* Begin PBXTargetDependency section */
		07139A0F1876F0B3007414D1 /* PBXTargetDependency */ = {
			isa = PBXTargetDependency;
			target = 071399E71876F0B3007414D1 /* htmlLoadingFramework */;
			targetProxy = 07139A0E1876F0B3007414D1 /* PBXContainerItemProxy */;
		};
/* End PBXTargetDependency section */

/* Begin PBXVariantGroup section */
		071399F41876F0B3007414D1 /* InfoPlist.strings */ = {
			isa = PBXVariantGroup;
			children = (
				071399F51876F0B3007414D1 /* en */,
			);
			name = InfoPlist.strings;
			sourceTree = "<group>";
		};
		071399FD1876F0B3007414D1 /* Main.storyboard */ = {
			isa = PBXVariantGroup;
			children = (
				071399FE1876F0B3007414D1 /* Base */,
			);
			name = Main.storyboard;
			sourceTree = "<group>";
		};
		07139A131876F0B3007414D1 /* InfoPlist.strings */ = {
			isa = PBXVariantGroup;
			children = (
				07139A141876F0B3007414D1 /* en */,
			);
			name = InfoPlist.strings;
			sourceTree = "<group>";
		};
/* End PBXVariantGroup section */

/* Begin XCBuildConfiguration section */
		07139A181876F0B3007414D1 /* Debug */ = {
			isa = XCBuildConfiguration;
			buildSettings = {
				ALWAYS_SEARCH_USER_PATHS = NO;
				CLANG_CXX_LANGUAGE_STANDARD = "gnu++0x";
				CLANG_CXX_LIBRARY = "libc++";
				CLANG_ENABLE_MODULES = YES;
				CLANG_ENABLE_OBJC_ARC = YES;
				CLANG_WARN_BOOL_CONVERSION = YES;
				CLANG_WARN_CONSTANT_CONVERSION = YES;
				CLANG_WARN_DIRECT_OBJC_ISA_USAGE = YES_ERROR;
				CLANG_WARN_EMPTY_BODY = YES;
				CLANG_WARN_ENUM_CONVERSION = YES;
				CLANG_WARN_INT_CONVERSION = YES;
				CLANG_WARN_OBJC_ROOT_CLASS = YES_ERROR;
				CLANG_WARN__DUPLICATE_METHOD_MATCH = YES;
				"CODE_SIGN_IDENTITY[sdk=iphoneos*]" = "iPhone Developer";
				COPY_PHASE_STRIP = NO;
				GCC_C_LANGUAGE_STANDARD = gnu99;
				GCC_DYNAMIC_NO_PIC = NO;
				GCC_OPTIMIZATION_LEVEL = 0;
				GCC_PREPROCESSOR_DEFINITIONS = (
					"DEBUG=1",
					"$(inherited)",
				);
				GCC_SYMBOLS_PRIVATE_EXTERN = NO;
				GCC_WARN_64_TO_32_BIT_CONVERSION = YES;
				GCC_WARN_ABOUT_RETURN_TYPE = YES_ERROR;
				GCC_WARN_UNDECLARED_SELECTOR = YES;
				GCC_WARN_UNINITIALIZED_AUTOS = YES;
				GCC_WARN_UNUSED_FUNCTION = YES;
				GCC_WARN_UNUSED_VARIABLE = YES;
				IPHONEOS_DEPLOYMENT_TARGET = 7.0;
				ONLY_ACTIVE_ARCH = YES;
				SDKROOT = iphoneos;
				TARGETED_DEVICE_FAMILY = 2;
			};
			name = Debug;
		};
		07139A191876F0B3007414D1 /* Release */ = {
			isa = XCBuildConfiguration;
			buildSettings = {
				ALWAYS_SEARCH_USER_PATHS = NO;
				CLANG_CXX_LANGUAGE_STANDARD = "gnu++0x";
				CLANG_CXX_LIBRARY = "libc++";
				CLANG_ENABLE_MODULES = YES;
				CLANG_ENABLE_OBJC_ARC = YES;
				CLANG_WARN_BOOL_CONVERSION = YES;
				CLANG_WARN_CONSTANT_CONVERSION = YES;
				CLANG_WARN_DIRECT_OBJC_ISA_USAGE = YES_ERROR;
				CLANG_WARN_EMPTY_BODY = YES;
				CLANG_WARN_ENUM_CONVERSION = YES;
				CLANG_WARN_INT_CONVERSION = YES;
				CLANG_WARN_OBJC_ROOT_CLASS = YES_ERROR;
				CLANG_WARN__DUPLICATE_METHOD_MATCH = YES;
				"CODE_SIGN_IDENTITY[sdk=iphoneos*]" = "iPhone Developer";
				COPY_PHASE_STRIP = YES;
				ENABLE_NS_ASSERTIONS = NO;
				GCC_C_LANGUAGE_STANDARD = gnu99;
				GCC_WARN_64_TO_32_BIT_CONVERSION = YES;
				GCC_WARN_ABOUT_RETURN_TYPE = YES_ERROR;
				GCC_WARN_UNDECLARED_SELECTOR = YES;
				GCC_WARN_UNINITIALIZED_AUTOS = YES;
				GCC_WARN_UNUSED_FUNCTION = YES;
				GCC_WARN_UNUSED_VARIABLE = YES;
				IPHONEOS_DEPLOYMENT_TARGET = 7.0;
				SDKROOT = iphoneos;
				TARGETED_DEVICE_FAMILY = 2;
				VALIDATE_PRODUCT = YES;
			};
			name = Release;
		};
		07139A1B1876F0B3007414D1 /* Debug */ = {
			isa = XCBuildConfiguration;
			buildSettings = {
				ASSETCATALOG_COMPILER_APPICON_NAME = AppIcon;
				ASSETCATALOG_COMPILER_LAUNCHIMAGE_NAME = LaunchImage;
				CODE_SIGN_IDENTITY = "iPhone Developer";
				"CODE_SIGN_IDENTITY[sdk=iphoneos*]" = "iPhone Developer";
				COMPRESS_PNG_FILES = NO;
				GCC_PRECOMPILE_PREFIX_HEADER = YES;
				GCC_PREFIX_HEADER = "htmlLoadingFramework/htmlLoadingFramework-Prefix.pch";
				INFOPLIST_FILE = "htmlLoadingFramework/htmlLoadingFramework-Info.plist";
				IPHONEOS_DEPLOYMENT_TARGET = 7.0;
				PRODUCT_NAME = "$(TARGET_NAME)";
				PROVISIONING_PROFILE = "";
				TARGETED_DEVICE_FAMILY = 2;
				WRAPPER_EXTENSION = app;
			};
			name = Debug;
		};
		07139A1C1876F0B3007414D1 /* Release */ = {
			isa = XCBuildConfiguration;
			buildSettings = {
				ASSETCATALOG_COMPILER_APPICON_NAME = AppIcon;
				ASSETCATALOG_COMPILER_LAUNCHIMAGE_NAME = LaunchImage;
				CODE_SIGN_IDENTITY = "iPhone Distribution: Baidu (China) Co., Ltd.";
				"CODE_SIGN_IDENTITY[sdk=iphoneos*]" = "iPhone Distribution: Baidu (China) Co., Ltd.";
				COMPRESS_PNG_FILES = NO;
				GCC_PRECOMPILE_PREFIX_HEADER = YES;
				GCC_PREFIX_HEADER = "htmlLoadingFramework/htmlLoadingFramework-Prefix.pch";
				INFOPLIST_FILE = "htmlLoadingFramework/htmlLoadingFramework-Info.plist";
				IPHONEOS_DEPLOYMENT_TARGET = 7.0;
				PRODUCT_NAME = "$(TARGET_NAME)";
				PROVISIONING_PROFILE = "";
				TARGETED_DEVICE_FAMILY = 2;
				WRAPPER_EXTENSION = app;
			};
			name = Release;
		};
		07139A1E1876F0B3007414D1 /* Debug */ = {
			isa = XCBuildConfiguration;
			buildSettings = {
				BUNDLE_LOADER = "$(BUILT_PRODUCTS_DIR)/htmlLoadingFramework.app/htmlLoadingFramework";
				FRAMEWORK_SEARCH_PATHS = (
					"$(SDKROOT)/Developer/Library/Frameworks",
					"$(inherited)",
					"$(DEVELOPER_FRAMEWORKS_DIR)",
				);
				GCC_PRECOMPILE_PREFIX_HEADER = YES;
				GCC_PREFIX_HEADER = "htmlLoadingFramework/htmlLoadingFramework-Prefix.pch";
				GCC_PREPROCESSOR_DEFINITIONS = (
					"DEBUG=1",
					"$(inherited)",
				);
				INFOPLIST_FILE = "htmlLoadingFrameworkTests/htmlLoadingFrameworkTests-Info.plist";
				PRODUCT_NAME = "$(TARGET_NAME)";
				TEST_HOST = "$(BUNDLE_LOADER)";
				WRAPPER_EXTENSION = xctest;
			};
			name = Debug;
		};
		07139A1F1876F0B3007414D1 /* Release */ = {
			isa = XCBuildConfiguration;
			buildSettings = {
				BUNDLE_LOADER = "$(BUILT_PRODUCTS_DIR)/htmlLoadingFramework.app/htmlLoadingFramework";
				FRAMEWORK_SEARCH_PATHS = (
					"$(SDKROOT)/Developer/Library/Frameworks",
					"$(inherited)",
					"$(DEVELOPER_FRAMEWORKS_DIR)",
				);
				GCC_PRECOMPILE_PREFIX_HEADER = YES;
				GCC_PREFIX_HEADER = "htmlLoadingFramework/htmlLoadingFramework-Prefix.pch";
				INFOPLIST_FILE = "htmlLoadingFrameworkTests/htmlLoadingFrameworkTests-Info.plist";
				PRODUCT_NAME = "$(TARGET_NAME)";
				TEST_HOST = "$(BUNDLE_LOADER)";
				WRAPPER_EXTENSION = xctest;
			};
			name = Release;
		};
/* End XCBuildConfiguration section */

/* Begin XCConfigurationList section */
		071399E31876F0B2007414D1 /* Build configuration list for PBXProject "htmlLoadingFramework" */ = {
			isa = XCConfigurationList;
			buildConfigurations = (
				07139A181876F0B3007414D1 /* Debug */,
				07139A191876F0B3007414D1 /* Release */,
			);
			defaultConfigurationIsVisible = 0;
			defaultConfigurationName = Release;
		};
		07139A1A1876F0B3007414D1 /* Build configuration list for PBXNativeTarget "htmlLoadingFramework" */ = {
			isa = XCConfigurationList;
			buildConfigurations = (
				07139A1B1876F0B3007414D1 /* Debug */,
				07139A1C1876F0B3007414D1 /* Release */,
			);
			defaultConfigurationIsVisible = 0;
			defaultConfigurationName = Release;
		};
		07139A1D1876F0B3007414D1 /* Build configuration list for PBXNativeTarget "htmlLoadingFrameworkTests" */ = {
			isa = XCConfigurationList;
			buildConfigurations = (
				07139A1E1876F0B3007414D1 /* Debug */,
				07139A1F1876F0B3007414D1 /* Release */,
			);
			defaultConfigurationIsVisible = 0;
			defaultConfigurationName = Release;
		};
/* End XCConfigurationList section */
	};
	rootObject = 071399E01876F0B2007414D1 /* Project object */;
}
